{
  "originHash" : "562a6c74cb2187189478a3bca02e37de37864c18d080c51021c6b11855840969",
  "pins" : [
    {
      "identity" : "displaylink",
      "kind" : "remoteSourceControl",
      "location" : "https://github.com/Lakr233/DisplayLink.git",
      "state" : {
        "revision" : "41bea2661e04bebcb1c4f15fc0b6197850100fdd",
        "version" : "3.0.1"
      }
    },
    {
      "identity" : "sparkle",
      "kind" : "remoteSourceControl",
      "location" : "https://github.com/sparkle-project/Sparkle",
      "state" : {
        "revision" : "5581748cef2bae787496fe6d61139aebe0a451f6",
        "version" : "2.8.1"
      }
    }
  ],
  "version" : 3
}
